
Microsoft Visual Studio Solution File, Format Version 12.00
# Visual Studio 2012
Project("{FAE04EC0-301F-11D3-BF4B-00C04F79EFBC}") = "MvcApplication1", "MvcApplication1\MvcApplication1.csproj", "{9B8380E4-73C8-4532-B9BB-2A5AE78A106A}"
EndProject
Project("{FAE04EC0-301F-11D3-BF4B-00C04F79EFBC}") = "MvcApplication1.Tests", "MvcApplication1.Tests\MvcApplication1.Tests.csproj", "{3AFA6F61-D5D4-4216-858D-E175B0BB227B}"
EndProject
Project("{FAE04EC0-301F-11D3-BF4B-00C04F79EFBC}") = "Domain.Birthday", "Domain.Birthday\Domain.Birthday.csproj", "{C7F0E844-7FA0-45DA-8FB1-6721799416F4}"
EndProject
Project("{FAE04EC0-301F-11D3-BF4B-00C04F79EFBC}") = "Data.Birthday", "Data.Birthday\Data.Birthday.csproj", "{19D13CFA-6798-4031-A301-B71FC7D45704}"
EndProject
Global
	GlobalSection(SolutionConfigurationPlatforms) = preSolution
		Debug|Any CPU = Debug|Any CPU
		Release|Any CPU = Release|Any CPU
	EndGlobalSection
	GlobalSection(ProjectConfigurationPlatforms) = postSolution
		{9B8380E4-73C8-4532-B9BB-2A5AE78A106A}.Debug|Any CPU.ActiveCfg = Debug|Any CPU
		{9B8380E4-73C8-4532-B9BB-2A5AE78A106A}.Debug|Any CPU.Build.0 = Debug|Any CPU
		{9B8380E4-73C8-4532-B9BB-2A5AE78A106A}.Release|Any CPU.ActiveCfg = Release|Any CPU
		{9B8380E4-73C8-4532-B9BB-2A5AE78A106A}.Release|Any CPU.Build.0 = Release|Any CPU
		{3AFA6F61-D5D4-4216-858D-E175B0BB227B}.Debug|Any CPU.ActiveCfg = Debug|Any CPU
		{3AFA6F61-D5D4-4216-858D-E175B0BB227B}.Debug|Any CPU.Build.0 = Debug|Any CPU
		{3AFA6F61-D5D4-4216-858D-E175B0BB227B}.Release|Any CPU.ActiveCfg = Release|Any CPU
		{3AFA6F61-D5D4-4216-858D-E175B0BB227B}.Release|Any CPU.Build.0 = Release|Any CPU
		{C7F0E844-7FA0-45DA-8FB1-6721799416F4}.Debug|Any CPU.ActiveCfg = Debug|Any CPU
		{C7F0E844-7FA0-45DA-8FB1-6721799416F4}.Debug|Any CPU.Build.0 = Debug|Any CPU
		{C7F0E844-7FA0-45DA-8FB1-6721799416F4}.Release|Any CPU.ActiveCfg = Release|Any CPU
		{C7F0E844-7FA0-45DA-8FB1-6721799416F4}.Release|Any CPU.Build.0 = Release|Any CPU
		{19D13CFA-6798-4031-A301-B71FC7D45704}.Debug|Any CPU.ActiveCfg = Debug|Any CPU
		{19D13CFA-6798-4031-A301-B71FC7D45704}.Debug|Any CPU.Build.0 = Debug|Any CPU
		{19D13CFA-6798-4031-A301-B71FC7D45704}.Release|Any CPU.ActiveCfg = Release|Any CPU
		{19D13CFA-6798-4031-A301-B71FC7D45704}.Release|Any CPU.Build.0 = Release|Any CPU
	EndGlobalSection
	GlobalSection(SolutionProperties) = preSolution
		HideSolutionNode = FALSE
	EndGlobalSection
EndGlobal
